// !$*UTF8*$!
{
	archiveVersion = 1;
	classes = {
	};
	objectVersion = 46;
	objects = {

/* Begin PBXBuildFile section */
		6636AD951B20A3580096A220 /* GamePickerViewController.swift in Sources */ = {isa = PBXBuildFile; fileRef = 6636AD941B20A3580096A220 /* GamePickerViewController.swift */; };
		6636AD971B20A3810096A220 /* RankPickerViewController.swift in Sources */ = {isa = PBXBuildFile; fileRef = 6636AD961B20A3810096A220 /* RankPickerViewController.swift */; };
		6636AD991B20C0220096A220 /* DetailViewController.swift in Sources */ = {isa = PBXBuildFile; fileRef = 6636AD981B20C0220096A220 /* DetailViewController.swift */; };
		6636AD9B1B20D3AB0096A220 /* AngryBirds.jpg in Resources */ = {isa = PBXBuildFile; fileRef = 6636AD9A1B20D3AB0096A220 /* AngryBirds.jpg */; };
		6636AD9D1B20D42D0096A220 /* CHESS.png in Resources */ = {isa = PBXBuildFile; fileRef = 6636AD9C1B20D42D0096A220 /* CHESS.png */; };
		6636ADA51B20D4660096A220 /* FireEmblem.jpg in Resources */ = {isa = PBXBuildFile; fileRef = 6636AD9E1B20D4660096A220 /* FireEmblem.jpg */; };
		6636ADA61B20D4660096A220 /* Pokemon.jpg in Resources */ = {isa = PBXBuildFile; fileRef = 6636AD9F1B20D4660096A220 /* Pokemon.jpg */; };
		6636ADA71B20D4660096A220 /* poker.jpg in Resources */ = {isa = PBXBuildFile; fileRef = 6636ADA01B20D4660096A220 /* poker.jpg */; };
		6636ADA81B20D4660096A220 /* SoulCalibur.jpg in Resources */ = {isa = PBXBuildFile; fileRef = 6636ADA11B20D4660096A220 /* SoulCalibur.jpg */; };
		6636ADAA1B20D4660096A220 /* SWTOR.png in Resources */ = {isa = PBXBuildFile; fileRef = 6636ADA31B20D4660096A220 /* SWTOR.png */; };
		6636ADAB1B20D4660096A220 /* TicTacToe.png in Resources */ = {isa = PBXBuildFile; fileRef = 6636ADA41B20D4660096A220 /* TicTacToe.png */; };
		6636ADAD1B20D7210096A220 /* EditDetailViewController.swift in Sources */ = {isa = PBXBuildFile; fileRef = 6636ADAC1B20D7210096A220 /* EditDetailViewController.swift */; };
		6636ADB11B20EC100096A220 /* mainIcon.png in Resources */ = {isa = PBXBuildFile; fileRef = 6636ADB01B20EC100096A220 /* mainIcon.png */; };
		66CEC0B61B21E78B00581982 /* SSB.jpg in Resources */ = {isa = PBXBuildFile; fileRef = 66CEC0B51B21E78B00581982 /* SSB.jpg */; };
		66CEC0B81B21E87500581982 /* SSBsmall.jpg in Resources */ = {isa = PBXBuildFile; fileRef = 66CEC0B71B21E87500581982 /* SSBsmall.jpg */; };
		66F43B5F1B1CE820000356BA /* AppDelegate.swift in Sources */ = {isa = PBXBuildFile; fileRef = 66F43B5E1B1CE820000356BA /* AppDelegate.swift */; };
		66F43B611B1CE820000356BA /* ViewController.swift in Sources */ = {isa = PBXBuildFile; fileRef = 66F43B601B1CE820000356BA /* ViewController.swift */; };
		66F43B641B1CE820000356BA /* Main.storyboard in Resources */ = {isa = PBXBuildFile; fileRef = 66F43B621B1CE820000356BA /* Main.storyboard */; };
		66F43B661B1CE820000356BA /* Images.xcassets in Resources */ = {isa = PBXBuildFile; fileRef = 66F43B651B1CE820000356BA /* Images.xcassets */; };
		66F43B691B1CE820000356BA /* LaunchScreen.xib in Resources */ = {isa = PBXBuildFile; fileRef = 66F43B671B1CE820000356BA /* LaunchScreen.xib */; };
		66F43B751B1CE820000356BA /* SwiftRatingsTests.swift in Sources */ = {isa = PBXBuildFile; fileRef = 66F43B741B1CE820000356BA /* SwiftRatingsTests.swift */; };
		66F43B961B1CEBE8000356BA /* 1Star.png in Resources */ = {isa = PBXBuildFile; fileRef = 66F43B7E1B1CEBE8000356BA /* 1Star.png */; };
		66F43B971B1CEBE8000356BA /* 1Star@2x.png in Resources */ = {isa = PBXBuildFile; fileRef = 66F43B7F1B1CEBE8000356BA /* 1Star@2x.png */; };
		66F43B981B1CEBE8000356BA /* 1StarSmall.png in Resources */ = {isa = PBXBuildFile; fileRef = 66F43B801B1CEBE8000356BA /* 1StarSmall.png */; };
		66F43B991B1CEBE8000356BA /* 1StarSmall@2x.png in Resources */ = {isa = PBXBuildFile; fileRef = 66F43B811B1CEBE8000356BA /* 1StarSmall@2x.png */; };
		66F43B9A1B1CEBE8000356BA /* 2Stars.png in Resources */ = {isa = PBXBuildFile; fileRef = 66F43B821B1CEBE8000356BA /* 2Stars.png */; };
		66F43B9B1B1CEBE8000356BA /* 2Stars@2x.png in Resources */ = {isa = PBXBuildFile; fileRef = 66F43B831B1CEBE8000356BA /* 2Stars@2x.png */; };
		66F43B9C1B1CEBE8000356BA /* 2StarsSmall.png in Resources */ = {isa = PBXBuildFile; fileRef = 66F43B841B1CEBE8000356BA /* 2StarsSmall.png */; };
		66F43B9D1B1CEBE8000356BA /* 2StarsSmall@2x.png in Resources */ = {isa = PBXBuildFile; fileRef = 66F43B851B1CEBE8000356BA /* 2StarsSmall@2x.png */; };
		66F43B9E1B1CEBE8000356BA /* 3Stars.png in Resources */ = {isa = PBXBuildFile; fileRef = 66F43B861B1CEBE8000356BA /* 3Stars.png */; };
		66F43B9F1B1CEBE8000356BA /* 3Stars@2x.png in Resources */ = {isa = PBXBuildFile; fileRef = 66F43B871B1CEBE8000356BA /* 3Stars@2x.png */; };
		66F43BA01B1CEBE8000356BA /* 3StarsSmall.png in Resources */ = {isa = PBXBuildFile; fileRef = 66F43B881B1CEBE8000356BA /* 3StarsSmall.png */; };
		66F43BA11B1CEBE8000356BA /* 3StarsSmall@2x.png in Resources */ = {isa = PBXBuildFile; fileRef = 66F43B891B1CEBE8000356BA /* 3StarsSmall@2x.png */; };
		66F43BA21B1CEBE8000356BA /* 4Stars.png in Resources */ = {isa = PBXBuildFile; fileRef = 66F43B8A1B1CEBE8000356BA /* 4Stars.png */; };
		66F43BA31B1CEBE8000356BA /* 4Stars@2x.png in Resources */ = {isa = PBXBuildFile; fileRef = 66F43B8B1B1CEBE8000356BA /* 4Stars@2x.png */; };
		66F43BA41B1CEBE8000356BA /* 4StarsSmall.png in Resources */ = {isa = PBXBuildFile; fileRef = 66F43B8C1B1CEBE8000356BA /* 4StarsSmall.png */; };
		66F43BA51B1CEBE8000356BA /* 4StarsSmall@2x.png in Resources */ = {isa = PBXBuildFile; fileRef = 66F43B8D1B1CEBE8000356BA /* 4StarsSmall@2x.png */; };
		66F43BA61B1CEBE8000356BA /* 5Stars.png in Resources */ = {isa = PBXBuildFile; fileRef = 66F43B8E1B1CEBE8000356BA /* 5Stars.png */; };
		66F43BA71B1CEBE8000356BA /* 5Stars@2x.png in Resources */ = {isa = PBXBuildFile; fileRef = 66F43B8F1B1CEBE8000356BA /* 5Stars@2x.png */; };
		66F43BA81B1CEBE8000356BA /* 5StarsSmall.png in Resources */ = {isa = PBXBuildFile; fileRef = 66F43B901B1CEBE8000356BA /* 5StarsSmall.png */; };
		66F43BA91B1CEBE8000356BA /* 5StarsSmall@2x.png in Resources */ = {isa = PBXBuildFile; fileRef = 66F43B911B1CEBE8000356BA /* 5StarsSmall@2x.png */; };
		66F43BAA1B1CEBE8000356BA /* Gestures.png in Resources */ = {isa = PBXBuildFile; fileRef = 66F43B921B1CEBE8000356BA /* Gestures.png */; };
		66F43BAB1B1CEBE8000356BA /* Gestures@2x.png in Resources */ = {isa = PBXBuildFile; fileRef = 66F43B931B1CEBE8000356BA /* Gestures@2x.png */; };
		66F43BAC1B1CEBE8000356BA /* Players.png in Resources */ = {isa = PBXBuildFile; fileRef = 66F43B941B1CEBE8000356BA /* Players.png */; };
		66F43BAD1B1CEBE8000356BA /* Players@2x.png in Resources */ = {isa = PBXBuildFile; fileRef = 66F43B951B1CEBE8000356BA /* Players@2x.png */; };
		66F43BAF1B1CED48000356BA /* PlayersViewController.swift in Sources */ = {isa = PBXBuildFile; fileRef = 66F43BAE1B1CED48000356BA /* PlayersViewController.swift */; };
		66F43BB11B1CEDB9000356BA /* Player.swift in Sources */ = {isa = PBXBuildFile; fileRef = 66F43BB01B1CEDB9000356BA /* Player.swift */; };
		66F43BB31B1CEE6F000356BA /* SampleData.swift in Sources */ = {isa = PBXBuildFile; fileRef = 66F43BB21B1CEE6F000356BA /* SampleData.swift */; };
		66F43BB51B1CF219000356BA /* PlayerCell.swift in Sources */ = {isa = PBXBuildFile; fileRef = 66F43BB41B1CF219000356BA /* PlayerCell.swift */; };
		66F43BB71B1CF932000356BA /* PlayerDetailsViewController.swift in Sources */ = {isa = PBXBuildFile; fileRef = 66F43BB61B1CF932000356BA /* PlayerDetailsViewController.swift */; };
/* End PBXBuildFile section */

/* Begin PBXContainerItemProxy section */
		66F43B6F1B1CE820000356BA /* PBXContainerItemProxy */ = {
			isa = PBXContainerItemProxy;
			containerPortal = 66F43B511B1CE820000356BA /* Project object */;
			proxyType = 1;
			remoteGlobalIDString = 66F43B581B1CE820000356BA;
			remoteInfo = SwiftRatings;
		};
/* End PBXContainerItemProxy section */

/* Begin PBXFileReference section */
		6636AD941B20A3580096A220 /* GamePickerViewController.swift */ = {isa = PBXFileReference; fileEncoding = 4; lastKnownFileType = sourcecode.swift; path = GamePickerViewController.swift; sourceTree = "<group>"; };
		6636AD961B20A3810096A220 /* RankPickerViewController.swift */ = {isa = PBXFileReference; fileEncoding = 4; lastKnownFileType = sourcecode.swift; path = RankPickerViewController.swift; sourceTree = "<group>"; };
		6636AD981B20C0220096A220 /* DetailViewController.swift */ = {isa = PBXFileReference; fileEncoding = 4; lastKnownFileType = sourcecode.swift; path = DetailViewController.swift; sourceTree = "<group>"; };
		6636AD9A1B20D3AB0096A220 /* AngryBirds.jpg */ = {isa = PBXFileReference; lastKnownFileType = image.jpeg; path = AngryBirds.jpg; sourceTree = "<group>"; };
		6636AD9C1B20D42D0096A220 /* CHESS.png */ = {isa = PBXFileReference; lastKnownFileType = image.png; path = CHESS.png; sourceTree = "<group>"; };
		6636AD9E1B20D4660096A220 /* FireEmblem.jpg */ = {isa = PBXFileReference; lastKnownFileType = image.jpeg; path = FireEmblem.jpg; sourceTree = "<group>"; };
		6636AD9F1B20D4660096A220 /* Pokemon.jpg */ = {isa = PBXFileReference; lastKnownFileType = image.jpeg; path = Pokemon.jpg; sourceTree = "<group>"; };
		6636ADA01B20D4660096A220 /* poker.jpg */ = {isa = PBXFileReference; lastKnownFileType = image.jpeg; path = poker.jpg; sourceTree = "<group>"; };
		6636ADA11B20D4660096A220 /* SoulCalibur.jpg */ = {isa = PBXFileReference; lastKnownFileType = image.jpeg; path = SoulCalibur.jpg; sourceTree = "<group>"; };
		6636ADA31B20D4660096A220 /* SWTOR.png */ = {isa = PBXFileReference; lastKnownFileType = image.png; path = SWTOR.png; sourceTree = "<group>"; };
		6636ADA41B20D4660096A220 /* TicTacToe.png */ = {isa = PBXFileReference; lastKnownFileType = image.png; path = TicTacToe.png; sourceTree = "<group>"; };
		6636ADAC1B20D7210096A220 /* EditDetailViewController.swift */ = {isa = PBXFileReference; fileEncoding = 4; lastKnownFileType = sourcecode.swift; path = EditDetailViewController.swift; sourceTree = "<group>"; };
		6636ADB01B20EC100096A220 /* mainIcon.png */ = {isa = PBXFileReference; lastKnownFileType = image.png; path = mainIcon.png; sourceTree = "<group>"; };
		66CEC0B51B21E78B00581982 /* SSB.jpg */ = {isa = PBXFileReference; lastKnownFileType = image.jpeg; path = SSB.jpg; sourceTree = "<group>"; };
		66CEC0B71B21E87500581982 /* SSBsmall.jpg */ = {isa = PBXFileReference; lastKnownFileType = image.jpeg; path = SSBsmall.jpg; sourceTree = "<group>"; };
		66F43B591B1CE820000356BA /* SwiftRatings.app */ = {isa = PBXFileReference; explicitFileType = wrapper.application; includeInIndex = 0; path = SwiftRatings.app; sourceTree = BUILT_PRODUCTS_DIR; };
		66F43B5D1B1CE820000356BA /* Info.plist */ = {isa = PBXFileReference; lastKnownFileType = text.plist.xml; path = Info.plist; sourceTree = "<group>"; };
		66F43B5E1B1CE820000356BA /* AppDelegate.swift */ = {isa = PBXFileReference; lastKnownFileType = sourcecode.swift; path = AppDelegate.swift; sourceTree = "<group>"; };
		66F43B601B1CE820000356BA /* ViewController.swift */ = {isa = PBXFileReference; lastKnownFileType = sourcecode.swift; path = ViewController.swift; sourceTree = "<group>"; };
		66F43B631B1CE820000356BA /* Base */ = {isa = PBXFileReference; lastKnownFileType = file.storyboard; name = Base; path = Base.lproj/Main.storyboard; sourceTree = "<group>"; };
		66F43B651B1CE820000356BA /* Images.xcassets */ = {isa = PBXFileReference; lastKnownFileType = folder.assetcatalog; path = Images.xcassets; sourceTree = "<group>"; };
		66F43B681B1CE820000356BA /* Base */ = {isa = PBXFileReference; lastKnownFileType = file.xib; name = Base; path = Base.lproj/LaunchScreen.xib; sourceTree = "<group>"; };
		66F43B6E1B1CE820000356BA /* SwiftRatingsTests.xctest */ = {isa = PBXFileReference; explicitFileType = wrapper.cfbundle; includeInIndex = 0; path = SwiftRatingsTests.xctest; sourceTree = BUILT_PRODUCTS_DIR; };
		66F43B731B1CE820000356BA /* Info.plist */ = {isa = PBXFileReference; lastKnownFileType = text.plist.xml; path = Info.plist; sourceTree = "<group>"; };
		66F43B741B1CE820000356BA /* SwiftRatingsTests.swift */ = {isa = PBXFileReference; lastKnownFileType = sourcecode.swift; path = SwiftRatingsTests.swift; sourceTree = "<group>"; };
		66F43B7E1B1CEBE8000356BA /* 1Star.png */ = {isa = PBXFileReference; lastKnownFileType = image.png; path = 1Star.png; sourceTree = "<group>"; };
		66F43B7F1B1CEBE8000356BA /* 1Star@2x.png */ = {isa = PBXFileReference; lastKnownFileType = image.png; path = "1Star@2x.png"; sourceTree = "<group>"; };
		66F43B801B1CEBE8000356BA /* 1StarSmall.png */ = {isa = PBXFileReference; lastKnownFileType = image.png; path = 1StarSmall.png; sourceTree = "<group>"; };
		66F43B811B1CEBE8000356BA /* 1StarSmall@2x.png */ = {isa = PBXFileReference; lastKnownFileType = image.png; path = "1StarSmall@2x.png"; sourceTree = "<group>"; };
		66F43B821B1CEBE8000356BA /* 2Stars.png */ = {isa = PBXFileReference; lastKnownFileType = image.png; path = 2Stars.png; sourceTree = "<group>"; };
		66F43B831B1CEBE8000356BA /* 2Stars@2x.png */ = {isa = PBXFileReference; lastKnownFileType = image.png; path = "2Stars@2x.png"; sourceTree = "<group>"; };
		66F43B841B1CEBE8000356BA /* 2StarsSmall.png */ = {isa = PBXFileReference; lastKnownFileType = image.png; path = 2StarsSmall.png; sourceTree = "<group>"; };
		66F43B851B1CEBE8000356BA /* 2StarsSmall@2x.png */ = {isa = PBXFileReference; lastKnownFileType = image.png; path = "2StarsSmall@2x.png"; sourceTree = "<group>"; };
		66F43B861B1CEBE8000356BA /* 3Stars.png */ = {isa = PBXFileReference; lastKnownFileType = image.png; path = 3Stars.png; sourceTree = "<group>"; };
		66F43B871B1CEBE8000356BA /* 3Stars@2x.png */ = {isa = PBXFileReference; lastKnownFileType = image.png; path = "3Stars@2x.png"; sourceTree = "<group>"; };
		66F43B881B1CEBE8000356BA /* 3StarsSmall.png */ = {isa = PBXFileReference; lastKnownFileType = image.png; path = 3StarsSmall.png; sourceTree = "<group>"; };
		66F43B891B1CEBE8000356BA /* 3StarsSmall@2x.png */ = {isa = PBXFileReference; lastKnownFileType = image.png; path = "3StarsSmall@2x.png"; sourceTree = "<group>"; };
		66F43B8A1B1CEBE8000356BA /* 4Stars.png */ = {isa = PBXFileReference; lastKnownFileType = image.png; path = 4Stars.png; sourceTree = "<group>"; };
		66F43B8B1B1CEBE8000356BA /* 4Stars@2x.png */ = {isa = PBXFileReference; lastKnownFileType = image.png; path = "4Stars@2x.png"; sourceTree = "<group>"; };
		66F43B8C1B1CEBE8000356BA /* 4StarsSmall.png */ = {isa = PBXFileReference; lastKnownFileType = image.png; path = 4StarsSmall.png; sourceTree = "<group>"; };
		66F43B8D1B1CEBE8000356BA /* 4StarsSmall@2x.png */ = {isa = PBXFileReference; lastKnownFileType = image.png; path = "4StarsSmall@2x.png"; sourceTree = "<group>"; };
		66F43B8E1B1CEBE8000356BA /* 5Stars.png */ = {isa = PBXFileReference; lastKnownFileType = image.png; path = 5Stars.png; sourceTree = "<group>"; };
		66F43B8F1B1CEBE8000356BA /* 5Stars@2x.png */ = {isa = PBXFileReference; lastKnownFileType = image.png; path = "5Stars@2x.png"; sourceTree = "<group>"; };
		66F43B901B1CEBE8000356BA /* 5StarsSmall.png */ = {isa = PBXFileReference; lastKnownFileType = image.png; path = 5StarsSmall.png; sourceTree = "<group>"; };
		66F43B911B1CEBE8000356BA /* 5StarsSmall@2x.png */ = {isa = PBXFileReference; lastKnownFileType = image.png; path = "5StarsSmall@2x.png"; sourceTree = "<group>"; };
		66F43B921B1CEBE8000356BA /* Gestures.png */ = {isa = PBXFileReference; lastKnownFileType = image.png; path = Gestures.png; sourceTree = "<group>"; };
		66F43B931B1CEBE8000356BA /* Gestures@2x.png */ = {isa = PBXFileReference; lastKnownFileType = image.png; path = "Gestures@2x.png"; sourceTree = "<group>"; };
		66F43B941B1CEBE8000356BA /* Players.png */ = {isa = PBXFileReference; lastKnownFileType = image.png; path = Players.png; sourceTree = "<group>"; };
		66F43B951B1CEBE8000356BA /* Players@2x.png */ = {isa = PBXFileReference; lastKnownFileType = image.png; path = "Players@2x.png"; sourceTree = "<group>"; };
		66F43BAE1B1CED48000356BA /* PlayersViewController.swift */ = {isa = PBXFileReference; fileEncoding = 4; lastKnownFileType = sourcecode.swift; path = PlayersViewController.swift; sourceTree = "<group>"; };
		66F43BB01B1CEDB9000356BA /* Player.swift */ = {isa = PBXFileReference; fileEncoding = 4; lastKnownFileType = sourcecode.swift; path = Player.swift; sourceTree = "<group>"; };
		66F43BB21B1CEE6F000356BA /* SampleData.swift */ = {isa = PBXFileReference; fileEncoding = 4; lastKnownFileType = sourcecode.swift; path = SampleData.swift; sourceTree = "<group>"; };
		66F43BB41B1CF219000356BA /* PlayerCell.swift */ = {isa = PBXFileReference; fileEncoding = 4; lastKnownFileType = sourcecode.swift; path = PlayerCell.swift; sourceTree = "<group>"; };
		66F43BB61B1CF932000356BA /* PlayerDetailsViewController.swift */ = {isa = PBXFileReference; fileEncoding = 4; lastKnownFileType = sourcecode.swift; path = PlayerDetailsViewController.swift; sourceTree = "<group>"; };
/* End PBXFileReference section */

/* Begin PBXFrameworksBuildPhase section */
		66F43B561B1CE820000356BA /* Frameworks */ = {
			isa = PBXFrameworksBuildPhase;
			buildActionMask = 2147483647;
			files = (
			);
			runOnlyForDeploymentPostprocessing = 0;
		};
		66F43B6B1B1CE820000356BA /* Frameworks */ = {
			isa = PBXFrameworksBuildPhase;
			buildActionMask = 2147483647;
			files = (
			);
			runOnlyForDeploymentPostprocessing = 0;
		};
/* End PBXFrameworksBuildPhase section */

/* Begin PBXGroup section */
		66F43B501B1CE820000356BA = {
			isa = PBXGroup;
			children = (
				66F43B5B1B1CE820000356BA /* SwiftRatings */,
				66F43B711B1CE820000356BA /* SwiftRatingsTests */,
				66F43B5A1B1CE820000356BA /* Products */,
			);
			sourceTree = "<group>";
		};
		66F43B5A1B1CE820000356BA /* Products */ = {
			isa = PBXGroup;
			children = (
				66F43B591B1CE820000356BA /* SwiftRatings.app */,
				66F43B6E1B1CE820000356BA /* SwiftRatingsTests.xctest */,
			);
			name = Products;
			sourceTree = "<group>";
		};
		66F43B5B1B1CE820000356BA /* SwiftRatings */ = {
			isa = PBXGroup;
			children = (
				66F43B5E1B1CE820000356BA /* AppDelegate.swift */,
				66F43B601B1CE820000356BA /* ViewController.swift */,
				66F43BAE1B1CED48000356BA /* PlayersViewController.swift */,
				66F43BB01B1CEDB9000356BA /* Player.swift */,
				66F43BB41B1CF219000356BA /* PlayerCell.swift */,
				66F43BB61B1CF932000356BA /* PlayerDetailsViewController.swift */,
				6636ADAC1B20D7210096A220 /* EditDetailViewController.swift */,
				6636AD941B20A3580096A220 /* GamePickerViewController.swift */,
				6636AD961B20A3810096A220 /* RankPickerViewController.swift */,
				6636AD981B20C0220096A220 /* DetailViewController.swift */,
				66F43B621B1CE820000356BA /* Main.storyboard */,
				66F43B651B1CE820000356BA /* Images.xcassets */,
				66F43B671B1CE820000356BA /* LaunchScreen.xib */,
				6636ADB01B20EC100096A220 /* mainIcon.png */,
				66F43B7E1B1CEBE8000356BA /* 1Star.png */,
				66F43B7F1B1CEBE8000356BA /* 1Star@2x.png */,
				66F43B801B1CEBE8000356BA /* 1StarSmall.png */,
				66F43B811B1CEBE8000356BA /* 1StarSmall@2x.png */,
				66F43B821B1CEBE8000356BA /* 2Stars.png */,
				66F43B831B1CEBE8000356BA /* 2Stars@2x.png */,
				66F43B841B1CEBE8000356BA /* 2StarsSmall.png */,
				66F43B851B1CEBE8000356BA /* 2StarsSmall@2x.png */,
				66F43B861B1CEBE8000356BA /* 3Stars.png */,
				66F43B871B1CEBE8000356BA /* 3Stars@2x.png */,
				66F43B881B1CEBE8000356BA /* 3StarsSmall.png */,
				66F43B891B1CEBE8000356BA /* 3StarsSmall@2x.png */,
				66F43B8A1B1CEBE8000356BA /* 4Stars.png */,
				66F43B8B1B1CEBE8000356BA /* 4Stars@2x.png */,
				66F43B8C1B1CEBE8000356BA /* 4StarsSmall.png */,
				66F43B8D1B1CEBE8000356BA /* 4StarsSmall@2x.png */,
				66F43B8E1B1CEBE8000356BA /* 5Stars.png */,
				66F43B8F1B1CEBE8000356BA /* 5Stars@2x.png */,
				66F43B901B1CEBE8000356BA /* 5StarsSmall.png */,
				66F43B911B1CEBE8000356BA /* 5StarsSmall@2x.png */,
				66F43B921B1CEBE8000356BA /* Gestures.png */,
				66F43B931B1CEBE8000356BA /* Gestures@2x.png */,
				66F43B941B1CEBE8000356BA /* Players.png */,
				66F43B951B1CEBE8000356BA /* Players@2x.png */,
				6636AD9A1B20D3AB0096A220 /* AngryBirds.jpg */,
				6636AD9C1B20D42D0096A220 /* CHESS.png */,
				6636AD9E1B20D4660096A220 /* FireEmblem.jpg */,
				6636AD9F1B20D4660096A220 /* Pokemon.jpg */,
				6636ADA01B20D4660096A220 /* poker.jpg */,
				66CEC0B51B21E78B00581982 /* SSB.jpg */,
				66CEC0B71B21E87500581982 /* SSBsmall.jpg */,
				6636ADA11B20D4660096A220 /* SoulCalibur.jpg */,
				6636ADA31B20D4660096A220 /* SWTOR.png */,
				6636ADA41B20D4660096A220 /* TicTacToe.png */,
				66F43B5C1B1CE820000356BA /* Supporting Files */,
				66F43BB21B1CEE6F000356BA /* SampleData.swift */,
			);
			path = SwiftRatings;
			sourceTree = "<group>";
		};
		66F43B5C1B1CE820000356BA /* Supporting Files */ = {
			isa = PBXGroup;
			children = (
				66F43B5D1B1CE820000356BA /* Info.plist */,
			);
			name = "Supporting Files";
			sourceTree = "<group>";
		};
		66F43B711B1CE820000356BA /* SwiftRatingsTests */ = {
			isa = PBXGroup;
			children = (
				66F43B741B1CE820000356BA /* SwiftRatingsTests.swift */,
				66F43B721B1CE820000356BA /* Supporting Files */,
			);
			path = SwiftRatingsTests;
			sourceTree = "<group>";
		};
		66F43B721B1CE820000356BA /* Supporting Files */ = {
			isa = PBXGroup;
			children = (
				66F43B731B1CE820000356BA /* Info.plist */,
			);
			name = "Supporting Files";
			sourceTree = "<group>";
		};
/* End PBXGroup section */

/* Begin PBXNativeTarget section */
		66F43B581B1CE820000356BA /* SwiftRatings */ = {
			isa = PBXNativeTarget;
			buildConfigurationList = 66F43B781B1CE820000356BA /* Build configuration list for PBXNativeTarget "SwiftRatings" */;
			buildPhases = (
				66F43B551B1CE820000356BA /* Sources */,
				66F43B561B1CE820000356BA /* Frameworks */,
				66F43B571B1CE820000356BA /* Resources */,
			);
			buildRules = (
			);
			dependencies = (
			);
			name = SwiftRatings;
			productName = SwiftRatings;
			productReference = 66F43B591B1CE820000356BA /* SwiftRatings.app */;
			productType = "com.apple.product-type.application";
		};
		66F43B6D1B1CE820000356BA /* SwiftRatingsTests */ = {
			isa = PBXNativeTarget;
			buildConfigurationList = 66F43B7B1B1CE820000356BA /* Build configuration list for PBXNativeTarget "SwiftRatingsTests" */;
			buildPhases = (
				66F43B6A1B1CE820000356BA /* Sources */,
				66F43B6B1B1CE820000356BA /* Frameworks */,
				66F43B6C1B1CE820000356BA /* Resources */,
			);
			buildRules = (
			);
			dependencies = (
				66F43B701B1CE820000356BA /* PBXTargetDependency */,
			);
			name = SwiftRatingsTests;
			productName = SwiftRatingsTests;
			productReference = 66F43B6E1B1CE820000356BA /* SwiftRatingsTests.xctest */;
			productType = "com.apple.product-type.bundle.unit-test";
		};
/* End PBXNativeTarget section */

/* Begin PBXProject section */
		66F43B511B1CE820000356BA /* Project object */ = {
			isa = PBXProject;
			attributes = {
				LastUpgradeCheck = 0630;
				ORGANIZATIONNAME = "Matthew Frederick Stradling";
				TargetAttributes = {
					66F43B581B1CE820000356BA = {
						CreatedOnToolsVersion = 6.3.1;
					};
					66F43B6D1B1CE820000356BA = {
						CreatedOnToolsVersion = 6.3.1;
						TestTargetID = 66F43B581B1CE820000356BA;
					};
				};
			};
			buildConfigurationList = 66F43B541B1CE820000356BA /* Build configuration list for PBXProject "SwiftRatings" */;
			compatibilityVersion = "Xcode 3.2";
			developmentRegion = English;
			hasScannedForEncodings = 0;
			knownRegions = (
				en,
				Base,
			);
			mainGroup = 66F43B501B1CE820000356BA;
			productRefGroup = 66F43B5A1B1CE820000356BA /* Products */;
			projectDirPath = "";
			projectRoot = "";
			targets = (
				66F43B581B1CE820000356BA /* SwiftRatings */,
				66F43B6D1B1CE820000356BA /* SwiftRatingsTests */,
			);
		};
/* End PBXProject section */

/* Begin PBXResourcesBuildPhase section */
		66F43B571B1CE820000356BA /* Resources */ = {
			isa = PBXResourcesBuildPhase;
			buildActionMask = 2147483647;
			files = (
				66F43B9C1B1CEBE8000356BA /* 2StarsSmall.png in Resources */,
				66CEC0B61B21E78B00581982 /* SSB.jpg in Resources */,
				66CEC0B81B21E87500581982 /* SSBsmall.jpg in Resources */,
				6636AD9D1B20D42D0096A220 /* CHESS.png in Resources */,
				66F43BA81B1CEBE8000356BA /* 5StarsSmall.png in Resources */,
				66F43B9B1B1CEBE8000356BA /* 2Stars@2x.png in Resources */,
				6636ADAB1B20D4660096A220 /* TicTacToe.png in Resources */,
				66F43BA41B1CEBE8000356BA /* 4StarsSmall.png in Resources */,
				66F43B991B1CEBE8000356BA /* 1StarSmall@2x.png in Resources */,
				66F43B641B1CE820000356BA /* Main.storyboard in Resources */,
				6636ADA51B20D4660096A220 /* FireEmblem.jpg in Resources */,
				66F43BA51B1CEBE8000356BA /* 4StarsSmall@2x.png in Resources */,
				66F43B691B1CE820000356BA /* LaunchScreen.xib in Resources */,
				66F43BAB1B1CEBE8000356BA /* Gestures@2x.png in Resources */,
				6636ADA61B20D4660096A220 /* Pokemon.jpg in Resources */,
				66F43B9E1B1CEBE8000356BA /* 3Stars.png in Resources */,
				66F43BAA1B1CEBE8000356BA /* Gestures.png in Resources */,
				6636ADA81B20D4660096A220 /* SoulCalibur.jpg in Resources */,
				66F43B661B1CE820000356BA /* Images.xcassets in Resources */,
				66F43BAC1B1CEBE8000356BA /* Players.png in Resources */,
				66F43BA01B1CEBE8000356BA /* 3StarsSmall.png in Resources */,
				66F43B9A1B1CEBE8000356BA /* 2Stars.png in Resources */,
				66F43BA11B1CEBE8000356BA /* 3StarsSmall@2x.png in Resources */,
				66F43B981B1CEBE8000356BA /* 1StarSmall.png in Resources */,
				66F43B9F1B1CEBE8000356BA /* 3Stars@2x.png in Resources */,
				6636ADAA1B20D4660096A220 /* SWTOR.png in Resources */,
				6636AD9B1B20D3AB0096A220 /* AngryBirds.jpg in Resources */,
				66F43BAD1B1CEBE8000356BA /* Players@2x.png in Resources */,
				66F43B961B1CEBE8000356BA /* 1Star.png in Resources */,
				66F43B9D1B1CEBE8000356BA /* 2StarsSmall@2x.png in Resources */,
				6636ADA71B20D4660096A220 /* poker.jpg in Resources */,
				6636ADB11B20EC100096A220 /* mainIcon.png in Resources */,
				66F43BA21B1CEBE8000356BA /* 4Stars.png in Resources */,
				66F43B971B1CEBE8000356BA /* 1Star@2x.png in Resources */,
				66F43BA91B1CEBE8000356BA /* 5StarsSmall@2x.png in Resources */,
				66F43BA31B1CEBE8000356BA /* 4Stars@2x.png in Resources */,
				66F43BA71B1CEBE8000356BA /* 5Stars@2x.png in Resources */,
				66F43BA61B1CEBE8000356BA /* 5Stars.png in Resources */,
			);
			runOnlyForDeploymentPostprocessing = 0;
		};
		66F43B6C1B1CE820000356BA /* Resources */ = {
			isa = PBXResourcesBuildPhase;
			buildActionMask = 2147483647;
			files = (
			);
			runOnlyForDeploymentPostprocessing = 0;
		};
/* End PBXResourcesBuildPhase section */

/* Begin PBXSourcesBuildPhase section */
		66F43B551B1CE820000356BA /* Sources */ = {
			isa = PBXSourcesBuildPhase;
			buildActionMask = 2147483647;
			files = (
				6636AD951B20A3580096A220 /* GamePickerViewController.swift in Sources */,
				66F43BB51B1CF219000356BA /* PlayerCell.swift in Sources */,
				6636AD971B20A3810096A220 /* RankPickerViewController.swift in Sources */,
				66F43BB11B1CEDB9000356BA /* Player.swift in Sources */,
				66F43B611B1CE820000356BA /* ViewController.swift in Sources */,
				66F43BB71B1CF932000356BA /* PlayerDetailsViewController.swift in Sources */,
				66F43B5F1B1CE820000356BA /* AppDelegate.swift in Sources */,
				6636ADAD1B20D7210096A220 /* EditDetailViewController.swift in Sources */,
				6636AD991B20C0220096A220 /* DetailViewController.swift in Sources */,
				66F43BB31B1CEE6F000356BA /* SampleData.swift in Sources */,
				66F43BAF1B1CED48000356BA /* PlayersViewController.swift in Sources */,
			);
			runOnlyForDeploymentPostprocessing = 0;
		};
		66F43B6A1B1CE820000356BA /* Sources */ = {
			isa = PBXSourcesBuildPhase;
			buildActionMask = 2147483647;
			files = (
				66F43B751B1CE820000356BA /* SwiftRatingsTests.swift in Sources */,
			);
			runOnlyForDeploymentPostprocessing = 0;
		};
/* End PBXSourcesBuildPhase section */

/* Begin PBXTargetDependency section */
		66F43B701B1CE820000356BA /* PBXTargetDependency */ = {
			isa = PBXTargetDependency;
			target = 66F43B581B1CE820000356BA /* SwiftRatings */;
			targetProxy = 66F43B6F1B1CE820000356BA /* PBXContainerItemProxy */;
		};
/* End PBXTargetDependency section */

/* Begin PBXVariantGroup section */
		66F43B621B1CE820000356BA /* Main.storyboard */ = {
			isa = PBXVariantGroup;
			children = (
				66F43B631B1CE820000356BA /* Base */,
			);
			name = Main.storyboard;
			sourceTree = "<group>";
		};
		66F43B671B1CE820000356BA /* LaunchScreen.xib */ = {
			isa = PBXVariantGroup;
			children = (
				66F43B681B1CE820000356BA /* Base */,
			);
			name = LaunchScreen.xib;
			sourceTree = "<group>";
		};
/* End PBXVariantGroup section */

/* Begin XCBuildConfiguration section */
		66F43B761B1CE820000356BA /* Debug */ = {
			isa = XCBuildConfiguration;
			buildSettings = {
				ALWAYS_SEARCH_USER_PATHS = NO;
				CLANG_CXX_LANGUAGE_STANDARD = "gnu++0x";
				CLANG_CXX_LIBRARY = "libc++";
				CLANG_ENABLE_MODULES = YES;
				CLANG_ENABLE_OBJC_ARC = YES;
				CLANG_WARN_BOOL_CONVERSION = YES;
				CLANG_WARN_CONSTANT_CONVERSION = YES;
				CLANG_WARN_DIRECT_OBJC_ISA_USAGE = YES_ERROR;
				CLANG_WARN_EMPTY_BODY = YES;
				CLANG_WARN_ENUM_CONVERSION = YES;
				CLANG_WARN_INT_CONVERSION = YES;
				CLANG_WARN_OBJC_ROOT_CLASS = YES_ERROR;
				CLANG_WARN_UNREACHABLE_CODE = YES;
				CLANG_WARN__DUPLICATE_METHOD_MATCH = YES;
				"CODE_SIGN_IDENTITY[sdk=iphoneos*]" = "iPhone Developer";
				COPY_PHASE_STRIP = NO;
				DEBUG_INFORMATION_FORMAT = "dwarf-with-dsym";
				ENABLE_STRICT_OBJC_MSGSEND = YES;
				GCC_C_LANGUAGE_STANDARD = gnu99;
				GCC_DYNAMIC_NO_PIC = NO;
				GCC_NO_COMMON_BLOCKS = YES;
				GCC_OPTIMIZATION_LEVEL = 0;
				GCC_PREPROCESSOR_DEFINITIONS = (
					"DEBUG=1",
					"$(inherited)",
				);
				GCC_SYMBOLS_PRIVATE_EXTERN = NO;
				GCC_WARN_64_TO_32_BIT_CONVERSION = YES;
				GCC_WARN_ABOUT_RETURN_TYPE = YES_ERROR;
				GCC_WARN_UNDECLARED_SELECTOR = YES;
				GCC_WARN_UNINITIALIZED_AUTOS = YES_AGGRESSIVE;
				GCC_WARN_UNUSED_FUNCTION = YES;
				GCC_WARN_UNUSED_VARIABLE = YES;
				IPHONEOS_DEPLOYMENT_TARGET = 8.3;
				MTL_ENABLE_DEBUG_INFO = YES;
				ONLY_ACTIVE_ARCH = YES;
				SDKROOT = iphoneos;
				SWIFT_OPTIMIZATION_LEVEL = "-Onone";
			};
			name = Debug;
		};
		66F43B771B1CE820000356BA /* Release */ = {
			isa = XCBuildConfiguration;
			buildSettings = {
				ALWAYS_SEARCH_USER_PATHS = NO;
				CLANG_CXX_LANGUAGE_STANDARD = "gnu++0x";
				CLANG_CXX_LIBRARY = "libc++";
				CLANG_ENABLE_MODULES = YES;
				CLANG_ENABLE_OBJC_ARC = YES;
				CLANG_WARN_BOOL_CONVERSION = YES;
				CLANG_WARN_CONSTANT_CONVERSION = YES;
				CLANG_WARN_DIRECT_OBJC_ISA_USAGE = YES_ERROR;
				CLANG_WARN_EMPTY_BODY = YES;
				CLANG_WARN_ENUM_CONVERSION = YES;
				CLANG_WARN_INT_CONVERSION = YES;
				CLANG_WARN_OBJC_ROOT_CLASS = YES_ERROR;
				CLANG_WARN_UNREACHABLE_CODE = YES;
				CLANG_WARN__DUPLICATE_METHOD_MATCH = YES;
				"CODE_SIGN_IDENTITY[sdk=iphoneos*]" = "iPhone Developer";
				COPY_PHASE_STRIP = NO;
				DEBUG_INFORMATION_FORMAT = "dwarf-with-dsym";
				ENABLE_NS_ASSERTIONS = NO;
				ENABLE_STRICT_OBJC_MSGSEND = YES;
				GCC_C_LANGUAGE_STANDARD = gnu99;
				GCC_NO_COMMON_BLOCKS = YES;
				GCC_WARN_64_TO_32_BIT_CONVERSION = YES;
				GCC_WARN_ABOUT_RETURN_TYPE = YES_ERROR;
				GCC_WARN_UNDECLARED_SELECTOR = YES;
				GCC_WARN_UNINITIALIZED_AUTOS = YES_AGGRESSIVE;
				GCC_WARN_UNUSED_FUNCTION = YES;
				GCC_WARN_UNUSED_VARIABLE = YES;
				IPHONEOS_DEPLOYMENT_TARGET = 8.3;
				MTL_ENABLE_DEBUG_INFO = NO;
				SDKROOT = iphoneos;
				VALIDATE_PRODUCT = YES;
			};
			name = Release;
		};
		66F43B791B1CE820000356BA /* Debug */ = {
			isa = XCBuildConfiguration;
			buildSettings = {
				ASSETCATALOG_COMPILER_APPICON_NAME = AppIcon;
				CODE_SIGN_IDENTITY = "iPhone Developer: Matthew Stradling (X2UKEK68XY)";
				"CODE_SIGN_IDENTITY[sdk=iphoneos*]" = "iPhone Developer: Matthew Stradling (X2UKEK68XY)";
				INFOPLIST_FILE = SwiftRatings/Info.plist;
				LD_RUNPATH_SEARCH_PATHS = "$(inherited) @executable_path/Frameworks";
				PRODUCT_NAME = "$(TARGET_NAME)";
				PROVISIONING_PROFILE = "16c8a07b-3e6c-4309-8450-577122911ee0";
				TARGETED_DEVICE_FAMILY = "1,2";
			};
			name = Debug;
		};
		66F43B7A1B1CE820000356BA /* Release */ = {
			isa = XCBuildConfiguration;
			buildSettings = {
				ASSETCATALOG_COMPILER_APPICON_NAME = AppIcon;
				CODE_SIGN_IDENTITY = "iPhone Developer: Matthew Stradling (X2UKEK68XY)";
				"CODE_SIGN_IDENTITY[sdk=iphoneos*]" = "iPhone Developer: Matthew Stradling (X2UKEK68XY)";
				INFOPLIST_FILE = SwiftRatings/Info.plist;
				LD_RUNPATH_SEARCH_PATHS = "$(inherited) @executable_path/Frameworks";
				PRODUCT_NAME = "$(TARGET_NAME)";
				PROVISIONING_PROFILE = "16c8a07b-3e6c-4309-8450-577122911ee0";
				TARGETED_DEVICE_FAMILY = "1,2";
			};
			name = Release;
		};
		66F43B7C1B1CE820000356BA /* Debug */ = {
			isa = XCBuildConfiguration;
			buildSettings = {
				BUNDLE_LOADER = "$(TEST_HOST)";
				FRAMEWORK_SEARCH_PATHS = (
					"$(SDKROOT)/Developer/Library/Frameworks",
					"$(inherited)",
				);
				GCC_PREPROCESSOR_DEFINITIONS = (
					"DEBUG=1",
					"$(inherited)",
				);
				INFOPLIST_FILE = SwiftRatingsTests/Info.plist;
				LD_RUNPATH_SEARCH_PATHS = "$(inherited) @executable_path/Frameworks @loader_path/Frameworks";
				PRODUCT_NAME = "$(TARGET_NAME)";
				TEST_HOST = "$(BUILT_PRODUCTS_DIR)/SwiftRatings.app/SwiftRatings";
			};
			name = Debug;
		};
		66F43B7D1B1CE820000356BA /* Release */ = {
			isa = XCBuildConfiguration;
			buildSettings = {
				BUNDLE_LOADER = "$(TEST_HOST)";
				FRAMEWORK_SEARCH_PATHS = (
					"$(SDKROOT)/Developer/Library/Frameworks",
					"$(inherited)",
				);
				INFOPLIST_FILE = SwiftRatingsTests/Info.plist;
				LD_RUNPATH_SEARCH_PATHS = "$(inherited) @executable_path/Frameworks @loader_path/Frameworks";
				PRODUCT_NAME = "$(TARGET_NAME)";
				TEST_HOST = "$(BUILT_PRODUCTS_DIR)/SwiftRatings.app/SwiftRatings";
			};
			name = Release;
		};
/* End XCBuildConfiguration section */

/* Begin XCConfigurationList section */
		66F43B541B1CE820000356BA /* Build configuration list for PBXProject "SwiftRatings" */ = {
			isa = XCConfigurationList;
			buildConfigurations = (
				66F43B761B1CE820000356BA /* Debug */,
				66F43B771B1CE820000356BA /* Release */,
			);
			defaultConfigurationIsVisible = 0;
			defaultConfigurationName = Release;
		};
		66F43B781B1CE820000356BA /* Build configuration list for PBXNativeTarget "SwiftRatings" */ = {
			isa = XCConfigurationList;
			buildConfigurations = (
				66F43B791B1CE820000356BA /* Debug */,
				66F43B7A1B1CE820000356BA /* Release */,
			);
			defaultConfigurationIsVisible = 0;
			defaultConfigurationName = Release;
		};
		66F43B7B1B1CE820000356BA /* Build configuration list for PBXNativeTarget "SwiftRatingsTests" */ = {
			isa = XCConfigurationList;
			buildConfigurations = (
				66F43B7C1B1CE820000356BA /* Debug */,
				66F43B7D1B1CE820000356BA /* Release */,
			);
			defaultConfigurationIsVisible = 0;
			defaultConfigurationName = Release;
		};
/* End XCConfigurationList section */
	};
	rootObject = 66F43B511B1CE820000356BA /* Project object */;
}
